
Microsoft Visual Studio Solution File, Format Version 12.00
# Visual Studio Version 16
VisualStudioVersion = 16.0.30611.23
MinimumVisualStudioVersion = 10.0.40219.1
Project("{FAE04EC0-301F-11D3-BF4B-00C04F79EFBC}") = "Cites", "Cites\Cites.csproj", "{168B6C71-862D-4D62-9B01-2444A550792E}"
EndProject
Project("{FAE04EC0-301F-11D3-BF4B-00C04F79EFBC}") = "testConsole", "testConsole\testConsole.csproj", "{B6C47409-56C0-4E2C-A64A-199D82975FC1}"
EndProject
Project("{FAE04EC0-301F-11D3-BF4B-00C04F79EFBC}") = "VremenskaPrognozaMain", "VremenskaPrognozaMain\VremenskaPrognozaMain.csproj", "{D0EA5E12-A497-4723-937B-09989607B7BD}"
EndProject
Global
	GlobalSection(SolutionConfigurationPlatforms) = preSolution
		Debug|Any CPU = Debug|Any CPU
		Release|Any CPU = Release|Any CPU
	EndGlobalSection
	GlobalSection(ProjectConfigurationPlatforms) = postSolution
		{168B6C71-862D-4D62-9B01-2444A550792E}.Debug|Any CPU.ActiveCfg = Debug|Any CPU
		{168B6C71-862D-4D62-9B01-2444A550792E}.Debug|Any CPU.Build.0 = Debug|Any CPU
		{168B6C71-862D-4D62-9B01-2444A550792E}.Release|Any CPU.ActiveCfg = Release|Any CPU
		{168B6C71-862D-4D62-9B01-2444A550792E}.Release|Any CPU.Build.0 = Release|Any CPU
		{B6C47409-56C0-4E2C-A64A-199D82975FC1}.Debug|Any CPU.ActiveCfg = Debug|Any CPU
		{B6C47409-56C0-4E2C-A64A-199D82975FC1}.Debug|Any CPU.Build.0 = Debug|Any CPU
		{B6C47409-56C0-4E2C-A64A-199D82975FC1}.Release|Any CPU.ActiveCfg = Release|Any CPU
		{B6C47409-56C0-4E2C-A64A-199D82975FC1}.Release|Any CPU.Build.0 = Release|Any CPU
		{D0EA5E12-A497-4723-937B-09989607B7BD}.Debug|Any CPU.ActiveCfg = Debug|Any CPU
		{D0EA5E12-A497-4723-937B-09989607B7BD}.Debug|Any CPU.Build.0 = Debug|Any CPU
		{D0EA5E12-A497-4723-937B-09989607B7BD}.Release|Any CPU.ActiveCfg = Release|Any CPU
		{D0EA5E12-A497-4723-937B-09989607B7BD}.Release|Any CPU.Build.0 = Release|Any CPU
	EndGlobalSection
	GlobalSection(SolutionProperties) = preSolution
		HideSolutionNode = FALSE
	EndGlobalSection
	GlobalSection(ExtensibilityGlobals) = postSolution
		SolutionGuid = {6332103F-2B63-41BF-B163-55375E4464C0}
	EndGlobalSection
EndGlobal
